
Microsoft Visual Studio Solution File, Format Version 12.00
# Visual Studio Version 17
VisualStudioVersion = 17.6.33717.318
MinimumVisualStudioVersion = 10.0.40219.1
Project("{FAE04EC0-301F-11D3-BF4B-00C04F79EFBC}") = "ExercAula69", "ExercAula69.csproj", "{399FA503-2C17-45AA-8DAE-5DDE1D220B8F}"
EndProject
Global
	GlobalSection(SolutionConfigurationPlatforms) = preSolution
		Debug|Any CPU = Debug|Any CPU
		Release|Any CPU = Release|Any CPU
	EndGlobalSection
	GlobalSection(ProjectConfigurationPlatforms) = postSolution
		{399FA503-2C17-45AA-8DAE-5DDE1D220B8F}.Debug|Any CPU.ActiveCfg = Debug|Any CPU
		{399FA503-2C17-45AA-8DAE-5DDE1D220B8F}.Debug|Any CPU.Build.0 = Debug|Any CPU
		{399FA503-2C17-45AA-8DAE-5DDE1D220B8F}.Release|Any CPU.ActiveCfg = Release|Any CPU
		{399FA503-2C17-45AA-8DAE-5DDE1D220B8F}.Release|Any CPU.Build.0 = Release|Any CPU
	EndGlobalSection
	GlobalSection(SolutionProperties) = preSolution
		HideSolutionNode = FALSE
	EndGlobalSection
	GlobalSection(ExtensibilityGlobals) = postSolution
		SolutionGuid = {3394FA93-43CF-4557-8105-D27C85300215}
	EndGlobalSection
EndGlobal
